
Microsoft Visual Studio Solution File, Format Version 12.00
# Visual Studio 15
VisualStudioVersion = 15.0.27428.2027
MinimumVisualStudioVersion = 10.0.40219.1
Project("{9A19103F-16F7-4668-BE54-9A1E7A4F7556}") = "eSchool.Presentation.WebApi", "eSchool.API\eSchool.Presentation.WebApi.csproj", "{45033A3A-6DEB-45F1-9D0D-08A776100744}"
EndProject
Project("{9A19103F-16F7-4668-BE54-9A1E7A4F7556}") = "eSchool.Persistence", "eSchool.Infrastructure.SQLServer\eSchool.Persistence.csproj", "{3025FA44-64EC-4F63-A55F-6C34FF295D4A}"
EndProject
Project("{9A19103F-16F7-4668-BE54-9A1E7A4F7556}") = "eSchool.Infrastructure", "eSchool.Infrastructure\eSchool.Infrastructure.csproj", "{2DE1C826-3563-4036-BDFC-24EEF0EABB44}"
EndProject
Project("{9A19103F-16F7-4668-BE54-9A1E7A4F7556}") = "eSchool.Application", "eSchool.Application\eSchool.Application.csproj", "{B6F9B787-BE9F-4C9C-9283-A71B190C8DD9}"
EndProject
Project("{9A19103F-16F7-4668-BE54-9A1E7A4F7556}") = "eSchool.Domain", "eSchool.Domain\eSchool.Domain.csproj", "{B1AF6281-F691-4430-A5C2-59C19D75F387}"
EndProject
Project("{2150E333-8FDC-42A3-9474-1A3956D46DE8}") = "Tests", "Tests", "{E42E7DB4-7121-4DD2-97E8-AF15242CB90A}"
EndProject
Project("{2150E333-8FDC-42A3-9474-1A3956D46DE8}") = "Domain", "Domain", "{BE549318-D155-4C5F-98E8-70FE0263AA92}"
EndProject
Project("{2150E333-8FDC-42A3-9474-1A3956D46DE8}") = "Application", "Application", "{5F42FBC4-1836-45A1-800C-34D6970AE652}"
EndProject
Project("{2150E333-8FDC-42A3-9474-1A3956D46DE8}") = "Infrastructure", "Infrastructure", "{32A6D63A-9B5F-4822-9DEC-FB3EEDE28A33}"
EndProject
Project("{2150E333-8FDC-42A3-9474-1A3956D46DE8}") = "Persistence", "Persistence", "{93E82C5F-3B3C-4A72-8660-C22D367312D9}"
EndProject
Project("{2150E333-8FDC-42A3-9474-1A3956D46DE8}") = "Presentation", "Presentation", "{3431D838-6B68-48CA-8C27-FCDCA44DACF3}"
EndProject
Project("{FAE04EC0-301F-11D3-BF4B-00C04F79EFBC}") = "eSchool.Test", "eSchool.Test\eSchool.Test.csproj", "{5A8EA7D7-321A-4FC7-835F-3720EE62FA1F}"
EndProject
Global
	GlobalSection(SolutionConfigurationPlatforms) = preSolution
		Debug|Any CPU = Debug|Any CPU
		Release|Any CPU = Release|Any CPU
	EndGlobalSection
	GlobalSection(ProjectConfigurationPlatforms) = postSolution
		{45033A3A-6DEB-45F1-9D0D-08A776100744}.Debug|Any CPU.ActiveCfg = Debug|Any CPU
		{45033A3A-6DEB-45F1-9D0D-08A776100744}.Debug|Any CPU.Build.0 = Debug|Any CPU
		{45033A3A-6DEB-45F1-9D0D-08A776100744}.Release|Any CPU.ActiveCfg = Release|Any CPU
		{45033A3A-6DEB-45F1-9D0D-08A776100744}.Release|Any CPU.Build.0 = Release|Any CPU
		{3025FA44-64EC-4F63-A55F-6C34FF295D4A}.Debug|Any CPU.ActiveCfg = Debug|Any CPU
		{3025FA44-64EC-4F63-A55F-6C34FF295D4A}.Debug|Any CPU.Build.0 = Debug|Any CPU
		{3025FA44-64EC-4F63-A55F-6C34FF295D4A}.Release|Any CPU.ActiveCfg = Release|Any CPU
		{3025FA44-64EC-4F63-A55F-6C34FF295D4A}.Release|Any CPU.Build.0 = Release|Any CPU
		{2DE1C826-3563-4036-BDFC-24EEF0EABB44}.Debug|Any CPU.ActiveCfg = Debug|Any CPU
		{2DE1C826-3563-4036-BDFC-24EEF0EABB44}.Debug|Any CPU.Build.0 = Debug|Any CPU
		{2DE1C826-3563-4036-BDFC-24EEF0EABB44}.Release|Any CPU.ActiveCfg = Release|Any CPU
		{2DE1C826-3563-4036-BDFC-24EEF0EABB44}.Release|Any CPU.Build.0 = Release|Any CPU
		{B6F9B787-BE9F-4C9C-9283-A71B190C8DD9}.Debug|Any CPU.ActiveCfg = Debug|Any CPU
		{B6F9B787-BE9F-4C9C-9283-A71B190C8DD9}.Debug|Any CPU.Build.0 = Debug|Any CPU
		{B6F9B787-BE9F-4C9C-9283-A71B190C8DD9}.Release|Any CPU.ActiveCfg = Release|Any CPU
		{B6F9B787-BE9F-4C9C-9283-A71B190C8DD9}.Release|Any CPU.Build.0 = Release|Any CPU
		{B1AF6281-F691-4430-A5C2-59C19D75F387}.Debug|Any CPU.ActiveCfg = Debug|Any CPU
		{B1AF6281-F691-4430-A5C2-59C19D75F387}.Debug|Any CPU.Build.0 = Debug|Any CPU
		{B1AF6281-F691-4430-A5C2-59C19D75F387}.Release|Any CPU.ActiveCfg = Release|Any CPU
		{B1AF6281-F691-4430-A5C2-59C19D75F387}.Release|Any CPU.Build.0 = Release|Any CPU
		{5A8EA7D7-321A-4FC7-835F-3720EE62FA1F}.Debug|Any CPU.ActiveCfg = Debug|Any CPU
		{5A8EA7D7-321A-4FC7-835F-3720EE62FA1F}.Debug|Any CPU.Build.0 = Debug|Any CPU
		{5A8EA7D7-321A-4FC7-835F-3720EE62FA1F}.Release|Any CPU.ActiveCfg = Release|Any CPU
		{5A8EA7D7-321A-4FC7-835F-3720EE62FA1F}.Release|Any CPU.Build.0 = Release|Any CPU
	EndGlobalSection
	GlobalSection(SolutionProperties) = preSolution
		HideSolutionNode = FALSE
	EndGlobalSection
	GlobalSection(NestedProjects) = preSolution
		{45033A3A-6DEB-45F1-9D0D-08A776100744} = {3431D838-6B68-48CA-8C27-FCDCA44DACF3}
		{3025FA44-64EC-4F63-A55F-6C34FF295D4A} = {93E82C5F-3B3C-4A72-8660-C22D367312D9}
		{2DE1C826-3563-4036-BDFC-24EEF0EABB44} = {32A6D63A-9B5F-4822-9DEC-FB3EEDE28A33}
		{B6F9B787-BE9F-4C9C-9283-A71B190C8DD9} = {5F42FBC4-1836-45A1-800C-34D6970AE652}
		{B1AF6281-F691-4430-A5C2-59C19D75F387} = {BE549318-D155-4C5F-98E8-70FE0263AA92}
		{5A8EA7D7-321A-4FC7-835F-3720EE62FA1F} = {E42E7DB4-7121-4DD2-97E8-AF15242CB90A}
	EndGlobalSection
	GlobalSection(ExtensibilityGlobals) = postSolution
		SolutionGuid = {9338EB4F-5F20-4AF3-AD9D-57E74F7DE2A9}
	EndGlobalSection
EndGlobal
